
Microsoft Visual Studio Solution File, Format Version 12.00
# Visual Studio 15
VisualStudioVersion = 15.0.27703.2035
MinimumVisualStudioVersion = 10.0.40219.1
Project("{FAE04EC0-301F-11D3-BF4B-00C04F79EFBC}") = "NetCommon", "NetCommon.csproj", "{1B759D41-010C-4CD9-B16D-6C5604E446F3}"
EndProject
Global
	GlobalSection(SolutionConfigurationPlatforms) = preSolution
		Debug|Any CPU = Debug|Any CPU
		Release|Any CPU = Release|Any CPU
	EndGlobalSection
	GlobalSection(ProjectConfigurationPlatforms) = postSolution
		{1B759D41-010C-4CD9-B16D-6C5604E446F3}.Debug|Any CPU.ActiveCfg = Debug|Any CPU
		{1B759D41-010C-4CD9-B16D-6C5604E446F3}.Debug|Any CPU.Build.0 = Debug|Any CPU
		{1B759D41-010C-4CD9-B16D-6C5604E446F3}.Release|Any CPU.ActiveCfg = Release|Any CPU
		{1B759D41-010C-4CD9-B16D-6C5604E446F3}.Release|Any CPU.Build.0 = Release|Any CPU
	EndGlobalSection
	GlobalSection(SolutionProperties) = preSolution
		HideSolutionNode = FALSE
	EndGlobalSection
	GlobalSection(ExtensibilityGlobals) = postSolution
		SolutionGuid = {F0530085-71FF-4402-BC6C-203ADAC4AF13}
	EndGlobalSection
EndGlobal
